# @generated by Move, please check-in and do not edit manually.

[move]
version = 3
manifest_digest = "0E837EE82EBCEB1D6E2D8453810D9053F5ECA129F1644BE3862C0A06428C6BE8"
deps_digest = "F8BBB0CCB2491CA29A3DF03D6F92277A4F3574266507ACD77214D37ECA3F3082"
dependencies = [
  { id = "Sui", name = "Sui" },
]

[[move.package]]
id = "MoveStdlib"
source = { git = "https://github.com/MystenLabs/sui.git", rev = "framework/testnet", subdir = "crates/sui-framework/packages/move-stdlib" }

[[move.package]]
id = "Sui"
source = { git = "https://github.com/MystenLabs/sui.git", rev = "framework/testnet", subdir = "crates/sui-framework/packages/sui-framework" }

dependencies = [
  { id = "MoveStdlib", name = "MoveStdlib" },
]

[move.toolchain-version]
compiler-version = "1.60.0"
edition = "2024.beta"
flavor = "sui"

[env]

[env.testnet]
chain-id = "4c78adac"
original-published-id = "0xecb259ccf3327284418f7d20e580abea37505a7af1e47cb4ee7254312052d3d8"
latest-published-id = "0xecb259ccf3327284418f7d20e580abea37505a7af1e47cb4ee7254312052d3d8"
published-version = "1"
